
Microsoft Visual Studio Solution File, Format Version 12.00
# Visual Studio Version 16
VisualStudioVersion = 16.0.29509.3
MinimumVisualStudioVersion = 10.0.40219.1
Project("{FAE04EC0-301F-11D3-BF4B-00C04F79EFBC}") = "Raadspelletje", "Raadspelletje\Raadspelletje.csproj", "{3367BFD9-5732-4ACF-A504-7CA2B472CB6F}"
EndProject
Project("{FAE04EC0-301F-11D3-BF4B-00C04F79EFBC}") = "Spellen", "Spellen\Spellen.csproj", "{5D01E5D9-6148-4774-8B70-60412CDCC85F}"
EndProject
Global
	GlobalSection(SolutionConfigurationPlatforms) = preSolution
		Debug|Any CPU = Debug|Any CPU
		Release|Any CPU = Release|Any CPU
	EndGlobalSection
	GlobalSection(ProjectConfigurationPlatforms) = postSolution
		{3367BFD9-5732-4ACF-A504-7CA2B472CB6F}.Debug|Any CPU.ActiveCfg = Debug|Any CPU
		{3367BFD9-5732-4ACF-A504-7CA2B472CB6F}.Debug|Any CPU.Build.0 = Debug|Any CPU
		{3367BFD9-5732-4ACF-A504-7CA2B472CB6F}.Release|Any CPU.ActiveCfg = Release|Any CPU
		{3367BFD9-5732-4ACF-A504-7CA2B472CB6F}.Release|Any CPU.Build.0 = Release|Any CPU
		{5D01E5D9-6148-4774-8B70-60412CDCC85F}.Debug|Any CPU.ActiveCfg = Debug|Any CPU
		{5D01E5D9-6148-4774-8B70-60412CDCC85F}.Debug|Any CPU.Build.0 = Debug|Any CPU
		{5D01E5D9-6148-4774-8B70-60412CDCC85F}.Release|Any CPU.ActiveCfg = Release|Any CPU
		{5D01E5D9-6148-4774-8B70-60412CDCC85F}.Release|Any CPU.Build.0 = Release|Any CPU
	EndGlobalSection
	GlobalSection(SolutionProperties) = preSolution
		HideSolutionNode = FALSE
	EndGlobalSection
	GlobalSection(ExtensibilityGlobals) = postSolution
		SolutionGuid = {ED28BB5A-2115-49D0-9767-5127B7206F08}
	EndGlobalSection
EndGlobal
